
Microsoft Visual Studio Solution File, Format Version 12.00
# Visual Studio 15
VisualStudioVersion = 15.0.28307.489
MinimumVisualStudioVersion = 10.0.40219.1
Project("{FAE04EC0-301F-11D3-BF4B-00C04F79EFBC}") = "Classroom.Api", "Classroom.Api\Classroom.Api.csproj", "{158F82CA-D363-4E79-A50B-A76018E1DC55}"
EndProject
Global
	GlobalSection(SolutionConfigurationPlatforms) = preSolution
		Debug|Any CPU = Debug|Any CPU
		Release|Any CPU = Release|Any CPU
	EndGlobalSection
	GlobalSection(ProjectConfigurationPlatforms) = postSolution
		{158F82CA-D363-4E79-A50B-A76018E1DC55}.Debug|Any CPU.ActiveCfg = Debug|Any CPU
		{158F82CA-D363-4E79-A50B-A76018E1DC55}.Debug|Any CPU.Build.0 = Debug|Any CPU
		{158F82CA-D363-4E79-A50B-A76018E1DC55}.Release|Any CPU.ActiveCfg = Release|Any CPU
		{158F82CA-D363-4E79-A50B-A76018E1DC55}.Release|Any CPU.Build.0 = Release|Any CPU
	EndGlobalSection
	GlobalSection(SolutionProperties) = preSolution
		HideSolutionNode = FALSE
	EndGlobalSection
	GlobalSection(ExtensibilityGlobals) = postSolution
		SolutionGuid = {5BA19B39-6F7E-4AED-B70C-43D91E5D712C}
	EndGlobalSection
EndGlobal
