
Microsoft Visual Studio Solution File, Format Version 12.00
# Visual Studio 15
VisualStudioVersion = 15.0.28307.489
MinimumVisualStudioVersion = 10.0.40219.1
Project("{9A19103F-16F7-4668-BE54-9A1E7A4F7556}") = "Classroom.Api", "Classroom.Api\Classroom.Api.csproj", "{158F82CA-D363-4E79-A50B-A76018E1DC55}"
EndProject
Project("{FAE04EC0-301F-11D3-BF4B-00C04F79EFBC}") = "Classroom.Services", "Classroom.Services\Classroom.Services.csproj", "{589795D0-4908-4381-A71A-DA3AD412BF95}"
EndProject
Project("{FAE04EC0-301F-11D3-BF4B-00C04F79EFBC}") = "Classroom.Persistence", "Classroom.Persistence\Classroom.Persistence.csproj", "{9232C58C-FB3E-4639-8F22-319E7882E1CF}"
EndProject
Project("{FAE04EC0-301F-11D3-BF4B-00C04F79EFBC}") = "Classroom.Migrator", "Classroom.Migrator\Classroom.Migrator.csproj", "{94B2266E-0784-4A8A-9A5F-CE7AC2227C32}"
EndProject
Project("{2150E333-8FDC-42A3-9474-1A3956D46DE8}") = "Solution Items", "Solution Items", "{8AC76204-9E8E-4F00-B502-1D149C9F865E}"
	ProjectSection(SolutionItems) = preProject
		App.config = App.config
	EndProjectSection
EndProject
Global
	GlobalSection(SolutionConfigurationPlatforms) = preSolution
		Debug|Any CPU = Debug|Any CPU
		Release|Any CPU = Release|Any CPU
	EndGlobalSection
	GlobalSection(ProjectConfigurationPlatforms) = postSolution
		{158F82CA-D363-4E79-A50B-A76018E1DC55}.Debug|Any CPU.ActiveCfg = Debug|Any CPU
		{158F82CA-D363-4E79-A50B-A76018E1DC55}.Debug|Any CPU.Build.0 = Debug|Any CPU
		{158F82CA-D363-4E79-A50B-A76018E1DC55}.Release|Any CPU.ActiveCfg = Release|Any CPU
		{158F82CA-D363-4E79-A50B-A76018E1DC55}.Release|Any CPU.Build.0 = Release|Any CPU
		{589795D0-4908-4381-A71A-DA3AD412BF95}.Debug|Any CPU.ActiveCfg = Debug|Any CPU
		{589795D0-4908-4381-A71A-DA3AD412BF95}.Debug|Any CPU.Build.0 = Debug|Any CPU
		{589795D0-4908-4381-A71A-DA3AD412BF95}.Release|Any CPU.ActiveCfg = Release|Any CPU
		{589795D0-4908-4381-A71A-DA3AD412BF95}.Release|Any CPU.Build.0 = Release|Any CPU
		{9232C58C-FB3E-4639-8F22-319E7882E1CF}.Debug|Any CPU.ActiveCfg = Debug|Any CPU
		{9232C58C-FB3E-4639-8F22-319E7882E1CF}.Debug|Any CPU.Build.0 = Debug|Any CPU
		{9232C58C-FB3E-4639-8F22-319E7882E1CF}.Release|Any CPU.ActiveCfg = Release|Any CPU
		{9232C58C-FB3E-4639-8F22-319E7882E1CF}.Release|Any CPU.Build.0 = Release|Any CPU
		{94B2266E-0784-4A8A-9A5F-CE7AC2227C32}.Debug|Any CPU.ActiveCfg = Debug|Any CPU
		{94B2266E-0784-4A8A-9A5F-CE7AC2227C32}.Debug|Any CPU.Build.0 = Debug|Any CPU
		{94B2266E-0784-4A8A-9A5F-CE7AC2227C32}.Release|Any CPU.ActiveCfg = Release|Any CPU
		{94B2266E-0784-4A8A-9A5F-CE7AC2227C32}.Release|Any CPU.Build.0 = Release|Any CPU
	EndGlobalSection
	GlobalSection(SolutionProperties) = preSolution
		HideSolutionNode = FALSE
	EndGlobalSection
	GlobalSection(ExtensibilityGlobals) = postSolution
		SolutionGuid = {5BA19B39-6F7E-4AED-B70C-43D91E5D712C}
	EndGlobalSection
EndGlobal
